apiVersion: apps/v1
kind: Deployment
metadata:
  name: clock
  labels:
    app: clock
spec:
  replicas: 1
  selector:
    matchLabels:
      app: clock
  template:
    metadata:
      labels:
        app: clock
    spec:
      containers:
      - name: clock
        image: deseretdigital/nostromo:chain
        ports:
        - containerPort: 9802
---
apiVersion: v1
kind: Service
metadata:
  name: clock-service
spec:
  type: LoadBalancer
  selector:
    app: clock
  ports:
    - name: clock
      protocol: TCP
      port: 9802
      targetPort: 9802 # Unnecessary because it's defaulted to port
